{
  "object": {
    "pins": [
      {
        "package": "SimpleGeometry",
        "repositoryURL": "https://github.com/donavoncade/SimpleGeometry.git",
        "state": {
          "branch": "development",
          "revision": "8f7091191cea770f42b7034ad21a53714db8b32f",
          "version": null
        }
      }
    ]
  },
  "version": 1
}
