{
  "object": {
    "pins": [
      {
        "package": "SimpleGeometry",
        "repositoryURL": "https://github.com/donavoncade/SimpleGeometry.git",
        "state": {
          "branch": "main",
          "revision": "698944b0606d7c8704bc7dcb6e3b9965a2326792",
          "version": null
        }
      }
    ]
  },
  "version": 1
}
